lockfileVersion: '9.0'

settings:
  autoInstallPeers: true
  excludeLinksFromLockfile: false

importers:

  .:
    dependencies:
      dotenv:
        specifier: ^17.2.2
        version: 17.2.2
      openai:
        specifier: ^5.19.1
        version: 5.19.1

packages:

  dotenv@17.2.2:
    resolution: {integrity: sha512-Sf2LSQP+bOlhKWWyhFsn0UsfdK/kCWRv1iuA2gXAwt3dyNabr6QSj00I2V10pidqz69soatm9ZwZvpQMTIOd5Q==}
    engines: {node: '>=12'}

  openai@5.19.1:
    resolution: {integrity: sha512-zSqnUF7oR9ksmpusKkpUgkNrj8Sl57U+OyzO8jzc7LUjTMg4DRfR3uCm+EIMA6iw06sRPNp4t7ojp3sCpEUZRQ==}
    hasBin: true
    peerDependencies:
      ws: ^8.18.0
      zod: ^3.23.8
    peerDependenciesMeta:
      ws:
        optional: true
      zod:
        optional: true

snapshots:

  dotenv@17.2.2: {}

  openai@5.19.1: {}
